
Microsoft Visual Studio Solution File, Format Version 12.00
# Visual Studio Version 17
VisualStudioVersion = 17.4.33205.214
MinimumVisualStudioVersion = 10.0.40219.1
Project("{9A19103F-16F7-4668-BE54-9A1E7A4F7556}") = "BulkyBookWeb", "BulkyBookWeb\BulkyBookWeb.csproj", "{938FBC4F-DEC0-4941-948C-3A77272A0A8F}"
EndProject
Project("{FAE04EC0-301F-11D3-BF4B-00C04F79EFBC}") = "BulkyBook.DataAccess", "BulkyBook.Data\BulkyBook.DataAccess.csproj", "{17099C63-CA38-4C7C-AB78-2C94B002C67E}"
EndProject
Project("{FAE04EC0-301F-11D3-BF4B-00C04F79EFBC}") = "BulkyBook.Models", "BulkyBook.Models\BulkyBook.Models.csproj", "{5AEC9E30-B4D3-4ECB-98D4-DFF227E6DCD1}"
EndProject
Project("{FAE04EC0-301F-11D3-BF4B-00C04F79EFBC}") = "BulkyBook.Utility", "BulkyBook.Utility\BulkyBook.Utility.csproj", "{498DE6C3-F993-412C-84A8-F1BA75B9538A}"
EndProject
Global
	GlobalSection(SolutionConfigurationPlatforms) = preSolution
		Debug|Any CPU = Debug|Any CPU
		Release|Any CPU = Release|Any CPU
	EndGlobalSection
	GlobalSection(ProjectConfigurationPlatforms) = postSolution
		{938FBC4F-DEC0-4941-948C-3A77272A0A8F}.Debug|Any CPU.ActiveCfg = Debug|Any CPU
		{938FBC4F-DEC0-4941-948C-3A77272A0A8F}.Debug|Any CPU.Build.0 = Debug|Any CPU
		{938FBC4F-DEC0-4941-948C-3A77272A0A8F}.Release|Any CPU.ActiveCfg = Release|Any CPU
		{938FBC4F-DEC0-4941-948C-3A77272A0A8F}.Release|Any CPU.Build.0 = Release|Any CPU
		{17099C63-CA38-4C7C-AB78-2C94B002C67E}.Debug|Any CPU.ActiveCfg = Debug|Any CPU
		{17099C63-CA38-4C7C-AB78-2C94B002C67E}.Debug|Any CPU.Build.0 = Debug|Any CPU
		{17099C63-CA38-4C7C-AB78-2C94B002C67E}.Release|Any CPU.ActiveCfg = Release|Any CPU
		{17099C63-CA38-4C7C-AB78-2C94B002C67E}.Release|Any CPU.Build.0 = Release|Any CPU
		{5AEC9E30-B4D3-4ECB-98D4-DFF227E6DCD1}.Debug|Any CPU.ActiveCfg = Debug|Any CPU
		{5AEC9E30-B4D3-4ECB-98D4-DFF227E6DCD1}.Debug|Any CPU.Build.0 = Debug|Any CPU
		{5AEC9E30-B4D3-4ECB-98D4-DFF227E6DCD1}.Release|Any CPU.ActiveCfg = Release|Any CPU
		{5AEC9E30-B4D3-4ECB-98D4-DFF227E6DCD1}.Release|Any CPU.Build.0 = Release|Any CPU
		{498DE6C3-F993-412C-84A8-F1BA75B9538A}.Debug|Any CPU.ActiveCfg = Debug|Any CPU
		{498DE6C3-F993-412C-84A8-F1BA75B9538A}.Debug|Any CPU.Build.0 = Debug|Any CPU
		{498DE6C3-F993-412C-84A8-F1BA75B9538A}.Release|Any CPU.ActiveCfg = Release|Any CPU
		{498DE6C3-F993-412C-84A8-F1BA75B9538A}.Release|Any CPU.Build.0 = Release|Any CPU
	EndGlobalSection
	GlobalSection(SolutionProperties) = preSolution
		HideSolutionNode = FALSE
	EndGlobalSection
	GlobalSection(ExtensibilityGlobals) = postSolution
		SolutionGuid = {FABD097C-8AD0-49B6-BBD9-151C2E50FF9C}
	EndGlobalSection
EndGlobal
